
Microsoft Visual Studio Solution File, Format Version 12.00
# Visual Studio 15
VisualStudioVersion = 15.0.28307.329
MinimumVisualStudioVersion = 10.0.40219.1
Project("{FAE04EC0-301F-11D3-BF4B-00C04F79EFBC}") = "CodilityOddOccurrencesInArray", "CodilityOddOccurrencesInArray\CodilityOddOccurrencesInArray.csproj", "{C9C969EB-8A48-4DC0-B7E6-849609C878EE}"
EndProject
Global
	GlobalSection(SolutionConfigurationPlatforms) = preSolution
		Debug|Any CPU = Debug|Any CPU
		Release|Any CPU = Release|Any CPU
	EndGlobalSection
	GlobalSection(ProjectConfigurationPlatforms) = postSolution
		{C9C969EB-8A48-4DC0-B7E6-849609C878EE}.Debug|Any CPU.ActiveCfg = Debug|Any CPU
		{C9C969EB-8A48-4DC0-B7E6-849609C878EE}.Debug|Any CPU.Build.0 = Debug|Any CPU
		{C9C969EB-8A48-4DC0-B7E6-849609C878EE}.Release|Any CPU.ActiveCfg = Release|Any CPU
		{C9C969EB-8A48-4DC0-B7E6-849609C878EE}.Release|Any CPU.Build.0 = Release|Any CPU
	EndGlobalSection
	GlobalSection(SolutionProperties) = preSolution
		HideSolutionNode = FALSE
	EndGlobalSection
	GlobalSection(ExtensibilityGlobals) = postSolution
		SolutionGuid = {8302172A-4BEC-46B6-A66F-092038F7DFCE}
	EndGlobalSection
EndGlobal
